
Microsoft Visual Studio Solution File, Format Version 11.00
# Visual Studio 2010
Project("{F184B08F-C81C-45F6-A57F-5ABD9991F28F}") = "PostWave", "PostWave\PostWave.vbproj", "{3AD2F36F-B138-4A2E-B23F-CDB4876819DD}"
EndProject
Global
	GlobalSection(SolutionConfigurationPlatforms) = preSolution
		Debug|x86 = Debug|x86
		Release|x86 = Release|x86
	EndGlobalSection
	GlobalSection(ProjectConfigurationPlatforms) = postSolution
		{3AD2F36F-B138-4A2E-B23F-CDB4876819DD}.Debug|x86.ActiveCfg = Debug|x86
		{3AD2F36F-B138-4A2E-B23F-CDB4876819DD}.Debug|x86.Build.0 = Debug|x86
		{3AD2F36F-B138-4A2E-B23F-CDB4876819DD}.Release|x86.ActiveCfg = Release|x86
		{3AD2F36F-B138-4A2E-B23F-CDB4876819DD}.Release|x86.Build.0 = Release|x86
	EndGlobalSection
	GlobalSection(SolutionProperties) = preSolution
		HideSolutionNode = FALSE
	EndGlobalSection
EndGlobal
